# -------------------------------------------------------------------------- #
#
# Copyright (C) 2020  Intel Corporation. All rights reserved.
# Your use of Intel Corporation's design tools, logic functions 
# and other software and tools, and any partner logic 
# functions, and any output files from any of the foregoing 
# (including device programming or simulation files), and any 
# associated documentation or information are expressly subject 
# to the terms and conditions of the Intel Program License 
# Subscription Agreement, the Intel Quartus Prime License Agreement,
# the Intel FPGA IP License Agreement, or other applicable license
# agreement, including, without limitation, that your use is for
# the sole purpose of programming logic devices manufactured by
# Intel and sold by Intel or its authorized distributors.  Please
# refer to the applicable agreement for further details, at
# https://fpgasoftware.intel.com/eula.
#
# -------------------------------------------------------------------------- #
#
# Quartus Prime
# Version 20.1.1 Build 720 11/11/2020 SJ Standard Edition
# Date created = 16:21:38  March 19, 2024
#
# -------------------------------------------------------------------------- #
#
# Notes:
#
# 1) The default values for assignments are stored in the file:
#		top_test_bcom_DE2_115_assignment_defaults.qdf
#    If this file doesn't exist, see file:
#		assignment_defaults.qdf
#
# 2) Altera recommends that you do not modify this file. This
#    file is updated automatically by the Quartus Prime software
#    and any changes you make may be lost or overwritten.
#
# -------------------------------------------------------------------------- #


set_global_assignment -name FAMILY "Cyclone IV E"
set_global_assignment -name DEVICE EP4CE115F29C8
set_global_assignment -name TOP_LEVEL_ENTITY top_test_bcom_DE2_115
set_global_assignment -name ORIGINAL_QUARTUS_VERSION 20.1.1
set_global_assignment -name PROJECT_CREATION_TIME_DATE "16:21:38  MARCH 19, 2024"
set_global_assignment -name LAST_QUARTUS_VERSION "17.1.1 Standard Edition"
set_global_assignment -name PROJECT_OUTPUT_DIRECTORY output_files
set_global_assignment -name ERROR_CHECK_FREQUENCY_DIVISOR 256
set_global_assignment -name MIN_CORE_JUNCTION_TEMP 0
set_global_assignment -name MAX_CORE_JUNCTION_TEMP 85


#========================================================


#============================================================
# CLOCK
#============================================================
set_location_assignment PIN_Y2 -to CLOCK_50
set_location_assignment PIN_AG14 -to CLOCK2_50
set_location_assignment PIN_AG15 -to CLOCK3_50

#============================================================
# I2C for HSMC 
#============================================================
set_location_assignment PIN_B7 -to I2C_SCLK
set_location_assignment PIN_A8 -to I2C_SDAT

#============================================================
# HSMC, HSMC connect to ADA - High Speed ADC/DAC
#============================================================
set_location_assignment PIN_D27 -to DAC_DA[0]
set_location_assignment PIN_F24 -to DAC_DB[0]
set_location_assignment PIN_D28 -to DAC_DA[1]
set_location_assignment PIN_F25 -to DAC_DB[1]
set_location_assignment PIN_E27 -to DAC_DA[2]
set_location_assignment PIN_D26 -to DAC_DB[2]
set_location_assignment PIN_E28 -to DAC_DA[3]
set_location_assignment PIN_C27 -to DAC_DB[3]
set_location_assignment PIN_F27 -to DAC_DA[4]
set_location_assignment PIN_F26 -to DAC_DB[4]
set_location_assignment PIN_F28 -to DAC_DA[5]
set_location_assignment PIN_E26 -to DAC_DB[5]
set_location_assignment PIN_G27 -to DAC_DA[6]
set_location_assignment PIN_G25 -to DAC_DB[6]
set_location_assignment PIN_G28 -to DAC_DA[7]
set_location_assignment PIN_G26 -to DAC_DB[7]
set_location_assignment PIN_K27 -to DAC_DA[8]
set_location_assignment PIN_H25 -to DAC_DB[8]
set_location_assignment PIN_K28 -to DAC_DA[9]
set_location_assignment PIN_H26 -to DAC_DB[9]
set_location_assignment PIN_M27 -to DAC_DA[10]
set_location_assignment PIN_K25 -to DAC_DB[10]
set_location_assignment PIN_M28 -to DAC_DA[11]
set_location_assignment PIN_K26 -to DAC_DB[11]
set_location_assignment PIN_K21 -to DAC_DA[12]
set_location_assignment PIN_L23 -to DAC_DB[12]
set_location_assignment PIN_K22 -to DAC_DA[13]
set_location_assignment PIN_L24 -to DAC_DB[13]
set_location_assignment PIN_H23 -to DAC_WRT_A
set_location_assignment PIN_M25 -to DAC_WRT_B
set_location_assignment PIN_H24 -to DAC_MODE
set_location_assignment PIN_G23 -to DAC_CLK_A
set_location_assignment PIN_J27 -to OSC_SMA_ADC4
set_location_assignment PIN_G24 -to DAC_CLK_B
set_location_assignment PIN_J28 -to SMA_DAC4
set_location_assignment PIN_T25 -to ADC_OEB_A
set_location_assignment PIN_T26 -to ADC_OEB_B
set_location_assignment PIN_J25 -to ADC_DB[13]
set_location_assignment PIN_U25 -to ADC_DA[13]
set_location_assignment PIN_J26 -to ADC_DB[12]
set_location_assignment PIN_U26 -to ADC_DA[12]
set_location_assignment PIN_L27 -to ADC_DB[11]
set_location_assignment PIN_L21 -to ADC_DA[11]
set_location_assignment PIN_L28 -to ADC_DB[10]
set_location_assignment PIN_L22 -to ADC_DA[10]
set_location_assignment PIN_V25 -to ADC_DB[9]
set_location_assignment PIN_N25 -to ADC_DA[9]
set_location_assignment PIN_V26 -to ADC_DB[8]
set_location_assignment PIN_N26 -to ADC_DA[8]
set_location_assignment PIN_R27 -to ADC_DB[7]
set_location_assignment PIN_P25 -to ADC_DA[7]
set_location_assignment PIN_R28 -to ADC_DB[6]
set_location_assignment PIN_P26 -to ADC_DA[6]
set_location_assignment PIN_U27 -to ADC_DB[5]
set_location_assignment PIN_P21 -to ADC_DA[5]
set_location_assignment PIN_U28 -to ADC_DB[4]
set_location_assignment PIN_R21 -to ADC_DA[4]
set_location_assignment PIN_V27 -to ADC_DB[3]
set_location_assignment PIN_R22 -to ADC_DA[3]
set_location_assignment PIN_V28 -to ADC_DB[2]
set_location_assignment PIN_R23 -to ADC_DA[2]
set_location_assignment PIN_U22 -to ADC_DB[1]
set_location_assignment PIN_T21 -to ADC_DA[1]
set_location_assignment PIN_V22 -to ADC_DB[0]
set_location_assignment PIN_T22 -to ADC_DA[0]
set_location_assignment PIN_V23 -to ADC_CLK_B
set_location_assignment PIN_Y27 -to ADC_OTR_B
set_location_assignment PIN_V24 -to ADC_CLK_A
set_location_assignment PIN_Y28 -to ADC_OTR_A
#============================================================
# LED
#============================================================
set_location_assignment PIN_G19 -to LEDR[0]
set_instance_assignment -name IO_STANDARD "2.5 V" -to LEDR[0]
set_location_assignment PIN_F19 -to LEDR[1]
set_instance_assignment -name IO_STANDARD "2.5 V" -to LEDR[1]
set_location_assignment PIN_E19 -to LEDR[2]
set_instance_assignment -name IO_STANDARD "2.5 V" -to LEDR[2]
set_location_assignment PIN_F21 -to LEDR[3]
set_instance_assignment -name IO_STANDARD "2.5 V" -to LEDR[3]
set_location_assignment PIN_F18 -to LEDR[4]
set_instance_assignment -name IO_STANDARD "2.5 V" -to LEDR[4]
set_location_assignment PIN_E18 -to LEDR[5]
set_instance_assignment -name IO_STANDARD "2.5 V" -to LEDR[5]
set_location_assignment PIN_J19 -to LEDR[6]
set_instance_assignment -name IO_STANDARD "2.5 V" -to LEDR[6]
set_location_assignment PIN_H19 -to LEDR[7]
set_instance_assignment -name IO_STANDARD "2.5 V" -to LEDR[7]
set_location_assignment PIN_J17 -to LEDR[8]
set_instance_assignment -name IO_STANDARD "2.5 V" -to LEDR[8]
set_location_assignment PIN_G17 -to LEDR[9]
set_instance_assignment -name IO_STANDARD "2.5 V" -to LEDR[9]
set_location_assignment PIN_J15 -to LEDR[10]
set_instance_assignment -name IO_STANDARD "2.5 V" -to LEDR[10]
set_location_assignment PIN_H16 -to LEDR[11]
set_instance_assignment -name IO_STANDARD "2.5 V" -to LEDR[11]
set_location_assignment PIN_J16 -to LEDR[12]
set_instance_assignment -name IO_STANDARD "2.5 V" -to LEDR[12]
set_location_assignment PIN_H17 -to LEDR[13]
set_instance_assignment -name IO_STANDARD "2.5 V" -to LEDR[13]
set_location_assignment PIN_F15 -to LEDR[14]
set_instance_assignment -name IO_STANDARD "2.5 V" -to LEDR[14]
set_location_assignment PIN_G15 -to LEDR[15]
set_instance_assignment -name IO_STANDARD "2.5 V" -to LEDR[15]
set_location_assignment PIN_G16 -to LEDR[16]
set_instance_assignment -name IO_STANDARD "2.5 V" -to LEDR[16]
set_location_assignment PIN_H15 -to LEDR[17]
set_instance_assignment -name IO_STANDARD "2.5 V" -to LEDR[17]
set_location_assignment PIN_E21 -to LEDG[0]
set_instance_assignment -name IO_STANDARD "2.5 V" -to LEDG[0]
set_location_assignment PIN_E22 -to LEDG[1]
set_instance_assignment -name IO_STANDARD "2.5 V" -to LEDG[1]
set_location_assignment PIN_E25 -to LEDG[2]
set_instance_assignment -name IO_STANDARD "2.5 V" -to LEDG[2]
set_location_assignment PIN_E24 -to LEDG[3]
set_instance_assignment -name IO_STANDARD "2.5 V" -to LEDG[3]
set_location_assignment PIN_H21 -to LEDG[4]
set_instance_assignment -name IO_STANDARD "2.5 V" -to LEDG[4]
set_location_assignment PIN_G20 -to LEDG[5]
set_instance_assignment -name IO_STANDARD "2.5 V" -to LEDG[5]
set_location_assignment PIN_G22 -to LEDG[6]
set_instance_assignment -name IO_STANDARD "2.5 V" -to LEDG[6]
set_location_assignment PIN_G21 -to LEDG[7]
set_instance_assignment -name IO_STANDARD "2.5 V" -to LEDG[7]
set_location_assignment PIN_F17 -to LEDG[8]
set_instance_assignment -name IO_STANDARD "2.5 V" -to LEDG[8]

#============================================================
# KEY
#============================================================
set_location_assignment PIN_M23 -to KEY[0]
set_instance_assignment -name IO_STANDARD "3.3-V LVTTL" -to KEY[0]
set_location_assignment PIN_M21 -to KEY[1]
set_instance_assignment -name IO_STANDARD "3.3-V LVTTL" -to KEY[1]
set_location_assignment PIN_N21 -to KEY[2]
set_instance_assignment -name IO_STANDARD "3.3-V LVTTL" -to KEY[2]
set_location_assignment PIN_R24 -to KEY[3]
set_instance_assignment -name IO_STANDARD "3.3-V LVTTL" -to KEY[3]


#============================================================
# SW
#============================================================
set_location_assignment PIN_AB28 -to SW[0]
set_location_assignment PIN_AC28 -to SW[1]
set_location_assignment PIN_AC27 -to SW[2]
set_location_assignment PIN_AD27 -to SW[3]
set_location_assignment PIN_AB27 -to SW[4]
set_location_assignment PIN_AC26 -to SW[5]
set_location_assignment PIN_AD26 -to SW[6]
set_location_assignment PIN_AB26 -to SW[7]
set_location_assignment PIN_AC25 -to SW[8]
set_location_assignment PIN_AB25 -to SW[9]
set_location_assignment PIN_AC24 -to SW[10]
set_location_assignment PIN_AB24 -to SW[11]
set_location_assignment PIN_AB23 -to SW[12]
set_location_assignment PIN_AA24 -to SW[13]
set_location_assignment PIN_AA23 -to SW[14]
set_location_assignment PIN_AA22 -to SW[15]
set_location_assignment PIN_Y24 -to SW[16]
set_location_assignment PIN_Y23 -to SW[17]

#============================================================
# RS-232 PORT
#============================================================
set_location_assignment PIN_G12 -to UART_RXD
set_location_assignment PIN_G9 -to UART_TXD


#============================================================
#============================================================
# End of pin assignments by Terasic System Builder
#============================================================
set_global_assignment -name POWER_PRESET_COOLING_SOLUTION "23 MM HEAT SINK WITH 200 LFPM AIRFLOW"
set_global_assignment -name POWER_BOARD_THERMAL_MODEL "NONE (CONSERVATIVE)"
set_global_assignment -name SDC_FILE sdc/top_test_bcom_DE2_115.sdc
set_global_assignment -name SYSTEMVERILOG_FILE ../src/top_test_bcom_DE2_115.sv
set_global_assignment -name SYSTEMVERILOG_FILE ../src/bcom_rs232.sv
set_global_assignment -name SYSTEMVERILOG_FILE ../src/bcom_conf_regs.sv
set_global_assignment -name SYSTEMVERILOG_FILE ../src/bcom_conf_fsms_wr.sv
set_global_assignment -name SYSTEMVERILOG_FILE ../src/bcom_conf_fsms_rd.sv
set_global_assignment -name SYSTEMVERILOG_FILE ../src/bcom_conf_fsms_main.sv
set_global_assignment -name SYSTEMVERILOG_FILE ../src/bcom_conf_fsms.sv
set_global_assignment -name SYSTEMVERILOG_FILE ../src/bcom_conf.sv
set_global_assignment -name SYSTEMVERILOG_FILE ../src/bcom.sv
set_global_assignment -name VERILOG_FILE ips/PLL_test.v
set_global_assignment -name PARTITION_NETLIST_TYPE SOURCE -section_id Top
set_global_assignment -name PARTITION_FITTER_PRESERVATION_LEVEL PLACEMENT_AND_ROUTING -section_id Top
set_global_assignment -name PARTITION_COLOR 16764057 -section_id Top
set_instance_assignment -name PARTITION_HIERARCHY root_partition -to | -section_id Top